
Microsoft Visual Studio Solution File, Format Version 12.00
# Visual Studio Version 17
VisualStudioVersion = 17.8.34525.116
MinimumVisualStudioVersion = 10.0.40219.1
Project("{FAE04EC0-301F-11D3-BF4B-00C04F79EFBC}") = "FantasyWebApp", "FantasyWebApp\FantasyWebApp.csproj", "{6835906F-ED75-4EF5-A0DB-D67BB11FCE08}"
EndProject
Global
	GlobalSection(SolutionConfigurationPlatforms) = preSolution
		Debug|Any CPU = Debug|Any CPU
		Release|Any CPU = Release|Any CPU
	EndGlobalSection
	GlobalSection(ProjectConfigurationPlatforms) = postSolution
		{6835906F-ED75-4EF5-A0DB-D67BB11FCE08}.Debug|Any CPU.ActiveCfg = Debug|Any CPU
		{6835906F-ED75-4EF5-A0DB-D67BB11FCE08}.Debug|Any CPU.Build.0 = Debug|Any CPU
		{6835906F-ED75-4EF5-A0DB-D67BB11FCE08}.Release|Any CPU.ActiveCfg = Release|Any CPU
		{6835906F-ED75-4EF5-A0DB-D67BB11FCE08}.Release|Any CPU.Build.0 = Release|Any CPU
	EndGlobalSection
	GlobalSection(SolutionProperties) = preSolution
		HideSolutionNode = FALSE
	EndGlobalSection
	GlobalSection(ExtensibilityGlobals) = postSolution
		SolutionGuid = {506DCB82-40A6-4FA3-83F4-62D32332A32D}
	EndGlobalSection
EndGlobal
